
Microsoft Visual Studio Solution File, Format Version 12.00
# Visual Studio Version 17
VisualStudioVersion = 17.11.35312.102
MinimumVisualStudioVersion = 10.0.40219.1
Project("{8BC9CEB8-8B4A-11D0-8D11-00A0C91BC942}") = "Física salvaje", "Física salvaje\Física salvaje.vcxproj", "{F7CA320F-B945-4241-9A8E-C9D7C44D6497}"
EndProject
Global
	GlobalSection(SolutionConfigurationPlatforms) = preSolution
		Debug|x64 = Debug|x64
		Debug|x86 = Debug|x86
		Release|x64 = Release|x64
		Release|x86 = Release|x86
	EndGlobalSection
	GlobalSection(ProjectConfigurationPlatforms) = postSolution
		{F7CA320F-B945-4241-9A8E-C9D7C44D6497}.Debug|x64.ActiveCfg = Debug|x64
		{F7CA320F-B945-4241-9A8E-C9D7C44D6497}.Debug|x64.Build.0 = Debug|x64
		{F7CA320F-B945-4241-9A8E-C9D7C44D6497}.Debug|x86.ActiveCfg = Debug|Win32
		{F7CA320F-B945-4241-9A8E-C9D7C44D6497}.Debug|x86.Build.0 = Debug|Win32
		{F7CA320F-B945-4241-9A8E-C9D7C44D6497}.Release|x64.ActiveCfg = Release|x64
		{F7CA320F-B945-4241-9A8E-C9D7C44D6497}.Release|x64.Build.0 = Release|x64
		{F7CA320F-B945-4241-9A8E-C9D7C44D6497}.Release|x86.ActiveCfg = Release|Win32
		{F7CA320F-B945-4241-9A8E-C9D7C44D6497}.Release|x86.Build.0 = Release|Win32
	EndGlobalSection
	GlobalSection(SolutionProperties) = preSolution
		HideSolutionNode = FALSE
	EndGlobalSection
	GlobalSection(ExtensibilityGlobals) = postSolution
		SolutionGuid = {A994C544-3B4C-44A4-81D6-7995DCA00F8C}
	EndGlobalSection
EndGlobal
