
Microsoft Visual Studio Solution File, Format Version 12.00
# Visual Studio Version 17
VisualStudioVersion = 17.11.35312.102
MinimumVisualStudioVersion = 10.0.40219.1
Project("{8BC9CEB8-8B4A-11D0-8D11-00A0C91BC942}") = "Rebotar", "Rebotar\Rebotar.vcxproj", "{9F45B55D-0570-4C2A-9F66-92D5810A0C1C}"
EndProject
Global
	GlobalSection(SolutionConfigurationPlatforms) = preSolution
		Debug|x64 = Debug|x64
		Debug|x86 = Debug|x86
		Release|x64 = Release|x64
		Release|x86 = Release|x86
	EndGlobalSection
	GlobalSection(ProjectConfigurationPlatforms) = postSolution
		{9F45B55D-0570-4C2A-9F66-92D5810A0C1C}.Debug|x64.ActiveCfg = Debug|x64
		{9F45B55D-0570-4C2A-9F66-92D5810A0C1C}.Debug|x64.Build.0 = Debug|x64
		{9F45B55D-0570-4C2A-9F66-92D5810A0C1C}.Debug|x86.ActiveCfg = Debug|Win32
		{9F45B55D-0570-4C2A-9F66-92D5810A0C1C}.Debug|x86.Build.0 = Debug|Win32
		{9F45B55D-0570-4C2A-9F66-92D5810A0C1C}.Release|x64.ActiveCfg = Release|x64
		{9F45B55D-0570-4C2A-9F66-92D5810A0C1C}.Release|x64.Build.0 = Release|x64
		{9F45B55D-0570-4C2A-9F66-92D5810A0C1C}.Release|x86.ActiveCfg = Release|Win32
		{9F45B55D-0570-4C2A-9F66-92D5810A0C1C}.Release|x86.Build.0 = Release|Win32
	EndGlobalSection
	GlobalSection(SolutionProperties) = preSolution
		HideSolutionNode = FALSE
	EndGlobalSection
	GlobalSection(ExtensibilityGlobals) = postSolution
		SolutionGuid = {336F7686-251A-429D-8FE3-68D90D66E374}
	EndGlobalSection
EndGlobal
